// !$*UTF8*$!
{
	archiveVersion = 1;
	classes = {
	};
	objectVersion = 55;
	objects = {

/* Begin PBXBuildFile section */
		33FCC7EAA7D7777A03BBC3C3 /* Pods_SearchRepoDemo.framework in Frameworks */ = {isa = PBXBuildFile; fileRef = 0BDA4DECAFDE4BF86426DE86 /* Pods_SearchRepoDemo.framework */; };
		3E59C2BD27AE41C8003FA72C /* AppDelegate.swift in Sources */ = {isa = PBXBuildFile; fileRef = 3E59C2BC27AE41C8003FA72C /* AppDelegate.swift */; };
		3E59C2BF27AE41C8003FA72C /* SceneDelegate.swift in Sources */ = {isa = PBXBuildFile; fileRef = 3E59C2BE27AE41C8003FA72C /* SceneDelegate.swift */; };
		3E59C2C127AE41C8003FA72C /* ViewController.swift in Sources */ = {isa = PBXBuildFile; fileRef = 3E59C2C027AE41C8003FA72C /* ViewController.swift */; };
		3E59C2C427AE41C8003FA72C /* Main.storyboard in Resources */ = {isa = PBXBuildFile; fileRef = 3E59C2C227AE41C8003FA72C /* Main.storyboard */; };
		3E59C2C627AE41CA003FA72C /* Assets.xcassets in Resources */ = {isa = PBXBuildFile; fileRef = 3E59C2C527AE41CA003FA72C /* Assets.xcassets */; };
		3E59C2C927AE41CA003FA72C /* LaunchScreen.storyboard in Resources */ = {isa = PBXBuildFile; fileRef = 3E59C2C727AE41CA003FA72C /* LaunchScreen.storyboard */; };
		3EEE1C6127AE4AC40034B7A5 /* SearchViewBuilder.swift in Sources */ = {isa = PBXBuildFile; fileRef = 3EEE1C6027AE4AC40034B7A5 /* SearchViewBuilder.swift */; };
		3EEE1C6327AE4AD60034B7A5 /* SearchViewInteractorType.swift in Sources */ = {isa = PBXBuildFile; fileRef = 3EEE1C6227AE4AD60034B7A5 /* SearchViewInteractorType.swift */; };
		3EEE1C6527AE4ADB0034B7A5 /* SearchViewInteractor.swift in Sources */ = {isa = PBXBuildFile; fileRef = 3EEE1C6427AE4ADB0034B7A5 /* SearchViewInteractor.swift */; };
		3EEE1C6927AE4B170034B7A5 /* SearchViewRouter.swift in Sources */ = {isa = PBXBuildFile; fileRef = 3EEE1C6827AE4B170034B7A5 /* SearchViewRouter.swift */; };
		3EEE1C6B27AE4B330034B7A5 /* SearchViewRouterType.swift in Sources */ = {isa = PBXBuildFile; fileRef = 3EEE1C6A27AE4B330034B7A5 /* SearchViewRouterType.swift */; };
		3EEE1C6E27AE4B730034B7A5 /* RequestManager.swift in Sources */ = {isa = PBXBuildFile; fileRef = 3EEE1C6D27AE4B730034B7A5 /* RequestManager.swift */; };
		3EEE1C7027AE4B9A0034B7A5 /* SearchViewPresenterType.swift in Sources */ = {isa = PBXBuildFile; fileRef = 3EEE1C6F27AE4B9A0034B7A5 /* SearchViewPresenterType.swift */; };
		3EEE1C7227AE4B9D0034B7A5 /* SearchViewPresenter.swift in Sources */ = {isa = PBXBuildFile; fileRef = 3EEE1C7127AE4B9D0034B7A5 /* SearchViewPresenter.swift */; };
		3EEE1C7427AE4BF50034B7A5 /* SearchResultListModel.swift in Sources */ = {isa = PBXBuildFile; fileRef = 3EEE1C7327AE4BF50034B7A5 /* SearchResultListModel.swift */; };
		3EEE1C7627AE4C000034B7A5 /* SearchResultModel.swift in Sources */ = {isa = PBXBuildFile; fileRef = 3EEE1C7527AE4C000034B7A5 /* SearchResultModel.swift */; };
		3EEE1C7827AE4CF50034B7A5 /* Config.swift in Sources */ = {isa = PBXBuildFile; fileRef = 3EEE1C7727AE4CF50034B7A5 /* Config.swift */; };
		3EEE1C7A27AE4E170034B7A5 /* SearchViewResultTableViewDataSource.swift in Sources */ = {isa = PBXBuildFile; fileRef = 3EEE1C7927AE4E170034B7A5 /* SearchViewResultTableViewDataSource.swift */; };
		3EEE1C7D27AE4E7C0034B7A5 /* SearchViewController.swift in Sources */ = {isa = PBXBuildFile; fileRef = 3EEE1C7B27AE4E7C0034B7A5 /* SearchViewController.swift */; };
		3EEE1C7E27AE4E7C0034B7A5 /* SearchViewController.xib in Resources */ = {isa = PBXBuildFile; fileRef = 3EEE1C7C27AE4E7C0034B7A5 /* SearchViewController.xib */; };
		3EEE1CAF27AE65A40034B7A5 /* SearchViewInteractorTest.swift in Sources */ = {isa = PBXBuildFile; fileRef = 3EEE1CAE27AE65A40034B7A5 /* SearchViewInteractorTest.swift */; };
		3EEE1CB127AE65E70034B7A5 /* SearchViewPresenterTest.swift in Sources */ = {isa = PBXBuildFile; fileRef = 3EEE1CB027AE65E70034B7A5 /* SearchViewPresenterTest.swift */; };
/* End PBXBuildFile section */

/* Begin PBXContainerItemProxy section */
		3EEE1CA727AE65320034B7A5 /* PBXContainerItemProxy */ = {
			isa = PBXContainerItemProxy;
			containerPortal = 3E59C2B127AE41C8003FA72C /* Project object */;
			proxyType = 1;
			remoteGlobalIDString = 3E59C2B827AE41C8003FA72C;
			remoteInfo = SearchRepoDemo;
		};
/* End PBXContainerItemProxy section */

/* Begin PBXFileReference section */
		0BDA4DECAFDE4BF86426DE86 /* Pods_SearchRepoDemo.framework */ = {isa = PBXFileReference; explicitFileType = wrapper.framework; includeInIndex = 0; path = Pods_SearchRepoDemo.framework; sourceTree = BUILT_PRODUCTS_DIR; };
		3E59C2B927AE41C8003FA72C /* SearchRepoDemo.app */ = {isa = PBXFileReference; explicitFileType = wrapper.application; includeInIndex = 0; path = SearchRepoDemo.app; sourceTree = BUILT_PRODUCTS_DIR; };
		3E59C2BC27AE41C8003FA72C /* AppDelegate.swift */ = {isa = PBXFileReference; lastKnownFileType = sourcecode.swift; path = AppDelegate.swift; sourceTree = "<group>"; };
		3E59C2BE27AE41C8003FA72C /* SceneDelegate.swift */ = {isa = PBXFileReference; lastKnownFileType = sourcecode.swift; path = SceneDelegate.swift; sourceTree = "<group>"; };
		3E59C2C027AE41C8003FA72C /* ViewController.swift */ = {isa = PBXFileReference; lastKnownFileType = sourcecode.swift; path = ViewController.swift; sourceTree = "<group>"; };
		3E59C2C327AE41C8003FA72C /* Base */ = {isa = PBXFileReference; lastKnownFileType = file.storyboard; name = Base; path = Base.lproj/Main.storyboard; sourceTree = "<group>"; };
		3E59C2C527AE41CA003FA72C /* Assets.xcassets */ = {isa = PBXFileReference; lastKnownFileType = folder.assetcatalog; path = Assets.xcassets; sourceTree = "<group>"; };
		3E59C2C827AE41CA003FA72C /* Base */ = {isa = PBXFileReference; lastKnownFileType = file.storyboard; name = Base; path = Base.lproj/LaunchScreen.storyboard; sourceTree = "<group>"; };
		3E59C2CA27AE41CA003FA72C /* Info.plist */ = {isa = PBXFileReference; lastKnownFileType = text.plist.xml; path = Info.plist; sourceTree = "<group>"; };
		3EEE1C6027AE4AC40034B7A5 /* SearchViewBuilder.swift */ = {isa = PBXFileReference; lastKnownFileType = sourcecode.swift; path = SearchViewBuilder.swift; sourceTree = "<group>"; };
		3EEE1C6227AE4AD60034B7A5 /* SearchViewInteractorType.swift */ = {isa = PBXFileReference; lastKnownFileType = sourcecode.swift; path = SearchViewInteractorType.swift; sourceTree = "<group>"; };
		3EEE1C6427AE4ADB0034B7A5 /* SearchViewInteractor.swift */ = {isa = PBXFileReference; lastKnownFileType = sourcecode.swift; path = SearchViewInteractor.swift; sourceTree = "<group>"; };
		3EEE1C6827AE4B170034B7A5 /* SearchViewRouter.swift */ = {isa = PBXFileReference; lastKnownFileType = sourcecode.swift; path = SearchViewRouter.swift; sourceTree = "<group>"; };
		3EEE1C6A27AE4B330034B7A5 /* SearchViewRouterType.swift */ = {isa = PBXFileReference; lastKnownFileType = sourcecode.swift; path = SearchViewRouterType.swift; sourceTree = "<group>"; };
		3EEE1C6D27AE4B730034B7A5 /* RequestManager.swift */ = {isa = PBXFileReference; lastKnownFileType = sourcecode.swift; path = RequestManager.swift; sourceTree = "<group>"; };
		3EEE1C6F27AE4B9A0034B7A5 /* SearchViewPresenterType.swift */ = {isa = PBXFileReference; lastKnownFileType = sourcecode.swift; path = SearchViewPresenterType.swift; sourceTree = "<group>"; };
		3EEE1C7127AE4B9D0034B7A5 /* SearchViewPresenter.swift */ = {isa = PBXFileReference; lastKnownFileType = sourcecode.swift; path = SearchViewPresenter.swift; sourceTree = "<group>"; };
		3EEE1C7327AE4BF50034B7A5 /* SearchResultListModel.swift */ = {isa = PBXFileReference; lastKnownFileType = sourcecode.swift; path = SearchResultListModel.swift; sourceTree = "<group>"; };
		3EEE1C7527AE4C000034B7A5 /* SearchResultModel.swift */ = {isa = PBXFileReference; lastKnownFileType = sourcecode.swift; path = SearchResultModel.swift; sourceTree = "<group>"; };
		3EEE1C7727AE4CF50034B7A5 /* Config.swift */ = {isa = PBXFileReference; lastKnownFileType = sourcecode.swift; path = Config.swift; sourceTree = "<group>"; };
		3EEE1C7927AE4E170034B7A5 /* SearchViewResultTableViewDataSource.swift */ = {isa = PBXFileReference; lastKnownFileType = sourcecode.swift; path = SearchViewResultTableViewDataSource.swift; sourceTree = "<group>"; };
		3EEE1C7B27AE4E7C0034B7A5 /* SearchViewController.swift */ = {isa = PBXFileReference; lastKnownFileType = sourcecode.swift; path = SearchViewController.swift; sourceTree = "<group>"; };
		3EEE1C7C27AE4E7C0034B7A5 /* SearchViewController.xib */ = {isa = PBXFileReference; lastKnownFileType = file.xib; path = SearchViewController.xib; sourceTree = "<group>"; };
		3EEE1CA327AE65320034B7A5 /* SearchRepoDemoTests.xctest */ = {isa = PBXFileReference; explicitFileType = wrapper.cfbundle; includeInIndex = 0; path = SearchRepoDemoTests.xctest; sourceTree = BUILT_PRODUCTS_DIR; };
		3EEE1CAE27AE65A40034B7A5 /* SearchViewInteractorTest.swift */ = {isa = PBXFileReference; lastKnownFileType = sourcecode.swift; path = SearchViewInteractorTest.swift; sourceTree = "<group>"; };
		3EEE1CB027AE65E70034B7A5 /* SearchViewPresenterTest.swift */ = {isa = PBXFileReference; lastKnownFileType = sourcecode.swift; path = SearchViewPresenterTest.swift; sourceTree = "<group>"; };
		79A278C829C54BCAB1B5BB27 /* Pods-SearchRepoDemo.debug.xcconfig */ = {isa = PBXFileReference; includeInIndex = 1; lastKnownFileType = text.xcconfig; name = "Pods-SearchRepoDemo.debug.xcconfig"; path = "Target Support Files/Pods-SearchRepoDemo/Pods-SearchRepoDemo.debug.xcconfig"; sourceTree = "<group>"; };
		9E5BD0376C3A12826CF193CD /* Pods-SearchRepoDemo.release.xcconfig */ = {isa = PBXFileReference; includeInIndex = 1; lastKnownFileType = text.xcconfig; name = "Pods-SearchRepoDemo.release.xcconfig"; path = "Target Support Files/Pods-SearchRepoDemo/Pods-SearchRepoDemo.release.xcconfig"; sourceTree = "<group>"; };
/* End PBXFileReference section */

/* Begin PBXFrameworksBuildPhase section */
		3E59C2B627AE41C8003FA72C /* Frameworks */ = {
			isa = PBXFrameworksBuildPhase;
			buildActionMask = 2147483647;
			files = (
				33FCC7EAA7D7777A03BBC3C3 /* Pods_SearchRepoDemo.framework in Frameworks */,
			);
			runOnlyForDeploymentPostprocessing = 0;
		};
		3EEE1CA027AE65320034B7A5 /* Frameworks */ = {
			isa = PBXFrameworksBuildPhase;
			buildActionMask = 2147483647;
			files = (
			);
			runOnlyForDeploymentPostprocessing = 0;
		};
/* End PBXFrameworksBuildPhase section */

/* Begin PBXGroup section */
		3E59C2B027AE41C8003FA72C = {
			isa = PBXGroup;
			children = (
				3E59C2BB27AE41C8003FA72C /* SearchRepoDemo */,
				3EEE1CA427AE65320034B7A5 /* SearchRepoDemoTests */,
				3E59C2BA27AE41C8003FA72C /* Products */,
				A00F6C2E6E4FE1B4547472E1 /* Pods */,
				F42C017F63D60BF8A98A767E /* Frameworks */,
			);
			sourceTree = "<group>";
		};
		3E59C2BA27AE41C8003FA72C /* Products */ = {
			isa = PBXGroup;
			children = (
				3E59C2B927AE41C8003FA72C /* SearchRepoDemo.app */,
				3EEE1CA327AE65320034B7A5 /* SearchRepoDemoTests.xctest */,
			);
			name = Products;
			sourceTree = "<group>";
		};
		3E59C2BB27AE41C8003FA72C /* SearchRepoDemo */ = {
			isa = PBXGroup;
			children = (
				3EF63C4927AE49F600122B08 /* Search */,
				3E59C2BC27AE41C8003FA72C /* AppDelegate.swift */,
				3E59C2BE27AE41C8003FA72C /* SceneDelegate.swift */,
				3E59C2C027AE41C8003FA72C /* ViewController.swift */,
				3E59C2C227AE41C8003FA72C /* Main.storyboard */,
				3E59C2C527AE41CA003FA72C /* Assets.xcassets */,
				3E59C2C727AE41CA003FA72C /* LaunchScreen.storyboard */,
				3E59C2CA27AE41CA003FA72C /* Info.plist */,
			);
			path = SearchRepoDemo;
			sourceTree = "<group>";
		};
		3EEE1C5A27AE4A310034B7A5 /* View */ = {
			isa = PBXGroup;
			children = (
				3EEE1C7B27AE4E7C0034B7A5 /* SearchViewController.swift */,
				3EEE1C7C27AE4E7C0034B7A5 /* SearchViewController.xib */,
				3EEE1C7927AE4E170034B7A5 /* SearchViewResultTableViewDataSource.swift */,
			);
			path = View;
			sourceTree = "<group>";
		};
		3EEE1C5B27AE4A3C0034B7A5 /* Builder */ = {
			isa = PBXGroup;
			children = (
				3EEE1C6027AE4AC40034B7A5 /* SearchViewBuilder.swift */,
			);
			path = Builder;
			sourceTree = "<group>";
		};
		3EEE1C5C27AE4A450034B7A5 /* Interactor */ = {
			isa = PBXGroup;
			children = (
				3EEE1C6227AE4AD60034B7A5 /* SearchViewInteractorType.swift */,
				3EEE1C6427AE4ADB0034B7A5 /* SearchViewInteractor.swift */,
			);
			path = Interactor;
			sourceTree = "<group>";
		};
		3EEE1C5D27AE4A520034B7A5 /* Presenter */ = {
			isa = PBXGroup;
			children = (
				3EEE1C6F27AE4B9A0034B7A5 /* SearchViewPresenterType.swift */,
				3EEE1C7127AE4B9D0034B7A5 /* SearchViewPresenter.swift */,
			);
			path = Presenter;
			sourceTree = "<group>";
		};
		3EEE1C5E27AE4A8E0034B7A5 /* Router */ = {
			isa = PBXGroup;
			children = (
				3EEE1C6A27AE4B330034B7A5 /* SearchViewRouterType.swift */,
				3EEE1C6827AE4B170034B7A5 /* SearchViewRouter.swift */,
			);
			path = Router;
			sourceTree = "<group>";
		};
		3EEE1C5F27AE4AA30034B7A5 /* Model */ = {
			isa = PBXGroup;
			children = (
				3EEE1C7327AE4BF50034B7A5 /* SearchResultListModel.swift */,
				3EEE1C7527AE4C000034B7A5 /* SearchResultModel.swift */,
			);
			path = Model;
			sourceTree = "<group>";
		};
		3EEE1C6C27AE4B5C0034B7A5 /* Helper */ = {
			isa = PBXGroup;
			children = (
				3EEE1C6D27AE4B730034B7A5 /* RequestManager.swift */,
				3EEE1C7727AE4CF50034B7A5 /* Config.swift */,
			);
			path = Helper;
			sourceTree = "<group>";
		};
		3EEE1CA427AE65320034B7A5 /* SearchRepoDemoTests */ = {
			isa = PBXGroup;
			children = (
				3EEE1CAE27AE65A40034B7A5 /* SearchViewInteractorTest.swift */,
				3EEE1CB027AE65E70034B7A5 /* SearchViewPresenterTest.swift */,
			);
			path = SearchRepoDemoTests;
			sourceTree = "<group>";
		};
		3EF63C4927AE49F600122B08 /* Search */ = {
			isa = PBXGroup;
			children = (
				3EEE1C5B27AE4A3C0034B7A5 /* Builder */,
				3EEE1C5A27AE4A310034B7A5 /* View */,
				3EEE1C5C27AE4A450034B7A5 /* Interactor */,
				3EEE1C5D27AE4A520034B7A5 /* Presenter */,
				3EEE1C5F27AE4AA30034B7A5 /* Model */,
				3EEE1C5E27AE4A8E0034B7A5 /* Router */,
				3EEE1C6C27AE4B5C0034B7A5 /* Helper */,
			);
			path = Search;
			sourceTree = "<group>";
		};
		A00F6C2E6E4FE1B4547472E1 /* Pods */ = {
			isa = PBXGroup;
			children = (
				79A278C829C54BCAB1B5BB27 /* Pods-SearchRepoDemo.debug.xcconfig */,
				9E5BD0376C3A12826CF193CD /* Pods-SearchRepoDemo.release.xcconfig */,
			);
			path = Pods;
			sourceTree = "<group>";
		};
		F42C017F63D60BF8A98A767E /* Frameworks */ = {
			isa = PBXGroup;
			children = (
				0BDA4DECAFDE4BF86426DE86 /* Pods_SearchRepoDemo.framework */,
			);
			name = Frameworks;
			sourceTree = "<group>";
		};
/* End PBXGroup section */

/* Begin PBXNativeTarget section */
		3E59C2B827AE41C8003FA72C /* SearchRepoDemo */ = {
			isa = PBXNativeTarget;
			buildConfigurationList = 3E59C2CD27AE41CA003FA72C /* Build configuration list for PBXNativeTarget "SearchRepoDemo" */;
			buildPhases = (
				D07CB12F0FAF8222D17A1355 /* [CP] Check Pods Manifest.lock */,
				3E59C2B527AE41C8003FA72C /* Sources */,
				3E59C2B627AE41C8003FA72C /* Frameworks */,
				3E59C2B727AE41C8003FA72C /* Resources */,
				885CFB8A9960E7F8E1E9FC56 /* [CP] Embed Pods Frameworks */,
			);
			buildRules = (
			);
			dependencies = (
			);
			name = SearchRepoDemo;
			productName = SearchRepoDemo;
			productReference = 3E59C2B927AE41C8003FA72C /* SearchRepoDemo.app */;
			productType = "com.apple.product-type.application";
		};
		3EEE1CA227AE65320034B7A5 /* SearchRepoDemoTests */ = {
			isa = PBXNativeTarget;
			buildConfigurationList = 3EEE1CA927AE65320034B7A5 /* Build configuration list for PBXNativeTarget "SearchRepoDemoTests" */;
			buildPhases = (
				3EEE1C9F27AE65320034B7A5 /* Sources */,
				3EEE1CA027AE65320034B7A5 /* Frameworks */,
				3EEE1CA127AE65320034B7A5 /* Resources */,
			);
			buildRules = (
			);
			dependencies = (
				3EEE1CA827AE65320034B7A5 /* PBXTargetDependency */,
			);
			name = SearchRepoDemoTests;
			productName = SearchRepoDemoTests;
			productReference = 3EEE1CA327AE65320034B7A5 /* SearchRepoDemoTests.xctest */;
			productType = "com.apple.product-type.bundle.unit-test";
		};
/* End PBXNativeTarget section */

/* Begin PBXProject section */
		3E59C2B127AE41C8003FA72C /* Project object */ = {
			isa = PBXProject;
			attributes = {
				BuildIndependentTargetsInParallel = 1;
				LastSwiftUpdateCheck = 1320;
				LastUpgradeCheck = 1320;
				TargetAttributes = {
					3E59C2B827AE41C8003FA72C = {
						CreatedOnToolsVersion = 13.2.1;
					};
					3EEE1CA227AE65320034B7A5 = {
						CreatedOnToolsVersion = 13.2.1;
						LastSwiftMigration = 1320;
						TestTargetID = 3E59C2B827AE41C8003FA72C;
					};
				};
			};
			buildConfigurationList = 3E59C2B427AE41C8003FA72C /* Build configuration list for PBXProject "SearchRepoDemo" */;
			compatibilityVersion = "Xcode 13.0";
			developmentRegion = en;
			hasScannedForEncodings = 0;
			knownRegions = (
				en,
				Base,
			);
			mainGroup = 3E59C2B027AE41C8003FA72C;
			productRefGroup = 3E59C2BA27AE41C8003FA72C /* Products */;
			projectDirPath = "";
			projectRoot = "";
			targets = (
				3E59C2B827AE41C8003FA72C /* SearchRepoDemo */,
				3EEE1CA227AE65320034B7A5 /* SearchRepoDemoTests */,
			);
		};
/* End PBXProject section */

/* Begin PBXResourcesBuildPhase section */
		3E59C2B727AE41C8003FA72C /* Resources */ = {
			isa = PBXResourcesBuildPhase;
			buildActionMask = 2147483647;
			files = (
				3E59C2C927AE41CA003FA72C /* LaunchScreen.storyboard in Resources */,
				3E59C2C627AE41CA003FA72C /* Assets.xcassets in Resources */,
				3EEE1C7E27AE4E7C0034B7A5 /* SearchViewController.xib in Resources */,
				3E59C2C427AE41C8003FA72C /* Main.storyboard in Resources */,
			);
			runOnlyForDeploymentPostprocessing = 0;
		};
		3EEE1CA127AE65320034B7A5 /* Resources */ = {
			isa = PBXResourcesBuildPhase;
			buildActionMask = 2147483647;
			files = (
			);
			runOnlyForDeploymentPostprocessing = 0;
		};
/* End PBXResourcesBuildPhase section */

/* Begin PBXShellScriptBuildPhase section */
		885CFB8A9960E7F8E1E9FC56 /* [CP] Embed Pods Frameworks */ = {
			isa = PBXShellScriptBuildPhase;
			buildActionMask = 2147483647;
			files = (
			);
			inputFileListPaths = (
				"${PODS_ROOT}/Target Support Files/Pods-SearchRepoDemo/Pods-SearchRepoDemo-frameworks-${CONFIGURATION}-input-files.xcfilelist",
			);
			name = "[CP] Embed Pods Frameworks";
			outputFileListPaths = (
				"${PODS_ROOT}/Target Support Files/Pods-SearchRepoDemo/Pods-SearchRepoDemo-frameworks-${CONFIGURATION}-output-files.xcfilelist",
			);
			runOnlyForDeploymentPostprocessing = 0;
			shellPath = /bin/sh;
			shellScript = "\"${PODS_ROOT}/Target Support Files/Pods-SearchRepoDemo/Pods-SearchRepoDemo-frameworks.sh\"\n";
			showEnvVarsInLog = 0;
		};
		D07CB12F0FAF8222D17A1355 /* [CP] Check Pods Manifest.lock */ = {
			isa = PBXShellScriptBuildPhase;
			buildActionMask = 2147483647;
			files = (
			);
			inputFileListPaths = (
			);
			inputPaths = (
				"${PODS_PODFILE_DIR_PATH}/Podfile.lock",
				"${PODS_ROOT}/Manifest.lock",
			);
			name = "[CP] Check Pods Manifest.lock";
			outputFileListPaths = (
			);
			outputPaths = (
				"$(DERIVED_FILE_DIR)/Pods-SearchRepoDemo-checkManifestLockResult.txt",
			);
			runOnlyForDeploymentPostprocessing = 0;
			shellPath = /bin/sh;
			shellScript = "diff \"${PODS_PODFILE_DIR_PATH}/Podfile.lock\" \"${PODS_ROOT}/Manifest.lock\" > /dev/null\nif [ $? != 0 ] ; then\n    # print error to STDERR\n    echo \"error: The sandbox is not in sync with the Podfile.lock. Run 'pod install' or update your CocoaPods installation.\" >&2\n    exit 1\nfi\n# This output is used by Xcode 'outputs' to avoid re-running this script phase.\necho \"SUCCESS\" > \"${SCRIPT_OUTPUT_FILE_0}\"\n";
			showEnvVarsInLog = 0;
		};
/* End PBXShellScriptBuildPhase section */

/* Begin PBXSourcesBuildPhase section */
		3E59C2B527AE41C8003FA72C /* Sources */ = {
			isa = PBXSourcesBuildPhase;
			buildActionMask = 2147483647;
			files = (
				3E59C2C127AE41C8003FA72C /* ViewController.swift in Sources */,
				3EEE1C7227AE4B9D0034B7A5 /* SearchViewPresenter.swift in Sources */,
				3EEE1C7A27AE4E170034B7A5 /* SearchViewResultTableViewDataSource.swift in Sources */,
				3EEE1C7827AE4CF50034B7A5 /* Config.swift in Sources */,
				3EEE1C7427AE4BF50034B7A5 /* SearchResultListModel.swift in Sources */,
				3E59C2BD27AE41C8003FA72C /* AppDelegate.swift in Sources */,
				3EEE1C6927AE4B170034B7A5 /* SearchViewRouter.swift in Sources */,
				3EEE1C7027AE4B9A0034B7A5 /* SearchViewPresenterType.swift in Sources */,
				3EEE1C6127AE4AC40034B7A5 /* SearchViewBuilder.swift in Sources */,
				3EEE1C6E27AE4B730034B7A5 /* RequestManager.swift in Sources */,
				3EEE1C7D27AE4E7C0034B7A5 /* SearchViewController.swift in Sources */,
				3EEE1C6527AE4ADB0034B7A5 /* SearchViewInteractor.swift in Sources */,
				3EEE1C7627AE4C000034B7A5 /* SearchResultModel.swift in Sources */,
				3EEE1C6327AE4AD60034B7A5 /* SearchViewInteractorType.swift in Sources */,
				3EEE1C6B27AE4B330034B7A5 /* SearchViewRouterType.swift in Sources */,
				3E59C2BF27AE41C8003FA72C /* SceneDelegate.swift in Sources */,
			);
			runOnlyForDeploymentPostprocessing = 0;
		};
		3EEE1C9F27AE65320034B7A5 /* Sources */ = {
			isa = PBXSourcesBuildPhase;
			buildActionMask = 2147483647;
			files = (
				3EEE1CAF27AE65A40034B7A5 /* SearchViewInteractorTest.swift in Sources */,
				3EEE1CB127AE65E70034B7A5 /* SearchViewPresenterTest.swift in Sources */,
			);
			runOnlyForDeploymentPostprocessing = 0;
		};
/* End PBXSourcesBuildPhase section */

/* Begin PBXTargetDependency section */
		3EEE1CA827AE65320034B7A5 /* PBXTargetDependency */ = {
			isa = PBXTargetDependency;
			target = 3E59C2B827AE41C8003FA72C /* SearchRepoDemo */;
			targetProxy = 3EEE1CA727AE65320034B7A5 /* PBXContainerItemProxy */;
		};
/* End PBXTargetDependency section */

/* Begin PBXVariantGroup section */
		3E59C2C227AE41C8003FA72C /* Main.storyboard */ = {
			isa = PBXVariantGroup;
			children = (
				3E59C2C327AE41C8003FA72C /* Base */,
			);
			name = Main.storyboard;
			sourceTree = "<group>";
		};
		3E59C2C727AE41CA003FA72C /* LaunchScreen.storyboard */ = {
			isa = PBXVariantGroup;
			children = (
				3E59C2C827AE41CA003FA72C /* Base */,
			);
			name = LaunchScreen.storyboard;
			sourceTree = "<group>";
		};
/* End PBXVariantGroup section */

/* Begin XCBuildConfiguration section */
		3E59C2CB27AE41CA003FA72C /* Debug */ = {
			isa = XCBuildConfiguration;
			buildSettings = {
				ALWAYS_SEARCH_USER_PATHS = NO;
				CLANG_ANALYZER_NONNULL = YES;
				CLANG_ANALYZER_NUMBER_OBJECT_CONVERSION = YES_AGGRESSIVE;
				CLANG_CXX_LANGUAGE_STANDARD = "gnu++17";
				CLANG_CXX_LIBRARY = "libc++";
				CLANG_ENABLE_MODULES = YES;
				CLANG_ENABLE_OBJC_ARC = YES;
				CLANG_ENABLE_OBJC_WEAK = YES;
				CLANG_WARN_BLOCK_CAPTURE_AUTORELEASING = YES;
				CLANG_WARN_BOOL_CONVERSION = YES;
				CLANG_WARN_COMMA = YES;
				CLANG_WARN_CONSTANT_CONVERSION = YES;
				CLANG_WARN_DEPRECATED_OBJC_IMPLEMENTATIONS = YES;
				CLANG_WARN_DIRECT_OBJC_ISA_USAGE = YES_ERROR;
				CLANG_WARN_DOCUMENTATION_COMMENTS = YES;
				CLANG_WARN_EMPTY_BODY = YES;
				CLANG_WARN_ENUM_CONVERSION = YES;
				CLANG_WARN_INFINITE_RECURSION = YES;
				CLANG_WARN_INT_CONVERSION = YES;
				CLANG_WARN_NON_LITERAL_NULL_CONVERSION = YES;
				CLANG_WARN_OBJC_IMPLICIT_RETAIN_SELF = YES;
				CLANG_WARN_OBJC_LITERAL_CONVERSION = YES;
				CLANG_WARN_OBJC_ROOT_CLASS = YES_ERROR;
				CLANG_WARN_QUOTED_INCLUDE_IN_FRAMEWORK_HEADER = YES;
				CLANG_WARN_RANGE_LOOP_ANALYSIS = YES;
				CLANG_WARN_STRICT_PROTOTYPES = YES;
				CLANG_WARN_SUSPICIOUS_MOVE = YES;
				CLANG_WARN_UNGUARDED_AVAILABILITY = YES_AGGRESSIVE;
				CLANG_WARN_UNREACHABLE_CODE = YES;
				CLANG_WARN__DUPLICATE_METHOD_MATCH = YES;
				COPY_PHASE_STRIP = NO;
				DEBUG_INFORMATION_FORMAT = dwarf;
				ENABLE_STRICT_OBJC_MSGSEND = YES;
				ENABLE_TESTABILITY = YES;
				GCC_C_LANGUAGE_STANDARD = gnu11;
				GCC_DYNAMIC_NO_PIC = NO;
				GCC_NO_COMMON_BLOCKS = YES;
				GCC_OPTIMIZATION_LEVEL = 0;
				GCC_PREPROCESSOR_DEFINITIONS = (
					"DEBUG=1",
					"$(inherited)",
				);
				GCC_WARN_64_TO_32_BIT_CONVERSION = YES;
				GCC_WARN_ABOUT_RETURN_TYPE = YES_ERROR;
				GCC_WARN_UNDECLARED_SELECTOR = YES;
				GCC_WARN_UNINITIALIZED_AUTOS = YES_AGGRESSIVE;
				GCC_WARN_UNUSED_FUNCTION = YES;
				GCC_WARN_UNUSED_VARIABLE = YES;
				IPHONEOS_DEPLOYMENT_TARGET = 13.0;
				MTL_ENABLE_DEBUG_INFO = INCLUDE_SOURCE;
				MTL_FAST_MATH = YES;
				ONLY_ACTIVE_ARCH = YES;
				SDKROOT = iphoneos;
				SWIFT_ACTIVE_COMPILATION_CONDITIONS = DEBUG;
				SWIFT_OPTIMIZATION_LEVEL = "-Onone";
			};
			name = Debug;
		};
		3E59C2CC27AE41CA003FA72C /* Release */ = {
			isa = XCBuildConfiguration;
			buildSettings = {
				ALWAYS_SEARCH_USER_PATHS = NO;
				CLANG_ANALYZER_NONNULL = YES;
				CLANG_ANALYZER_NUMBER_OBJECT_CONVERSION = YES_AGGRESSIVE;
				CLANG_CXX_LANGUAGE_STANDARD = "gnu++17";
				CLANG_CXX_LIBRARY = "libc++";
				CLANG_ENABLE_MODULES = YES;
				CLANG_ENABLE_OBJC_ARC = YES;
				CLANG_ENABLE_OBJC_WEAK = YES;
				CLANG_WARN_BLOCK_CAPTURE_AUTORELEASING = YES;
				CLANG_WARN_BOOL_CONVERSION = YES;
				CLANG_WARN_COMMA = YES;
				CLANG_WARN_CONSTANT_CONVERSION = YES;
				CLANG_WARN_DEPRECATED_OBJC_IMPLEMENTATIONS = YES;
				CLANG_WARN_DIRECT_OBJC_ISA_USAGE = YES_ERROR;
				CLANG_WARN_DOCUMENTATION_COMMENTS = YES;
				CLANG_WARN_EMPTY_BODY = YES;
				CLANG_WARN_ENUM_CONVERSION = YES;
				CLANG_WARN_INFINITE_RECURSION = YES;
				CLANG_WARN_INT_CONVERSION = YES;
				CLANG_WARN_NON_LITERAL_NULL_CONVERSION = YES;
				CLANG_WARN_OBJC_IMPLICIT_RETAIN_SELF = YES;
				CLANG_WARN_OBJC_LITERAL_CONVERSION = YES;
				CLANG_WARN_OBJC_ROOT_CLASS = YES_ERROR;
				CLANG_WARN_QUOTED_INCLUDE_IN_FRAMEWORK_HEADER = YES;
				CLANG_WARN_RANGE_LOOP_ANALYSIS = YES;
				CLANG_WARN_STRICT_PROTOTYPES = YES;
				CLANG_WARN_SUSPICIOUS_MOVE = YES;
				CLANG_WARN_UNGUARDED_AVAILABILITY = YES_AGGRESSIVE;
				CLANG_WARN_UNREACHABLE_CODE = YES;
				CLANG_WARN__DUPLICATE_METHOD_MATCH = YES;
				COPY_PHASE_STRIP = NO;
				DEBUG_INFORMATION_FORMAT = "dwarf-with-dsym";
				ENABLE_NS_ASSERTIONS = NO;
				ENABLE_STRICT_OBJC_MSGSEND = YES;
				GCC_C_LANGUAGE_STANDARD = gnu11;
				GCC_NO_COMMON_BLOCKS = YES;
				GCC_WARN_64_TO_32_BIT_CONVERSION = YES;
				GCC_WARN_ABOUT_RETURN_TYPE = YES_ERROR;
				GCC_WARN_UNDECLARED_SELECTOR = YES;
				GCC_WARN_UNINITIALIZED_AUTOS = YES_AGGRESSIVE;
				GCC_WARN_UNUSED_FUNCTION = YES;
				GCC_WARN_UNUSED_VARIABLE = YES;
				IPHONEOS_DEPLOYMENT_TARGET = 13.0;
				MTL_ENABLE_DEBUG_INFO = NO;
				MTL_FAST_MATH = YES;
				SDKROOT = iphoneos;
				SWIFT_COMPILATION_MODE = wholemodule;
				SWIFT_OPTIMIZATION_LEVEL = "-O";
				VALIDATE_PRODUCT = YES;
			};
			name = Release;
		};
		3E59C2CE27AE41CA003FA72C /* Debug */ = {
			isa = XCBuildConfiguration;
			baseConfigurationReference = 79A278C829C54BCAB1B5BB27 /* Pods-SearchRepoDemo.debug.xcconfig */;
			buildSettings = {
				ASSETCATALOG_COMPILER_APPICON_NAME = AppIcon;
				ASSETCATALOG_COMPILER_GLOBAL_ACCENT_COLOR_NAME = AccentColor;
				CODE_SIGN_STYLE = Automatic;
				CURRENT_PROJECT_VERSION = 1;
				DEVELOPMENT_TEAM = U5A65PSL5B;
				GENERATE_INFOPLIST_FILE = YES;
				INFOPLIST_FILE = SearchRepoDemo/Info.plist;
				INFOPLIST_KEY_UIApplicationSupportsIndirectInputEvents = YES;
				INFOPLIST_KEY_UILaunchStoryboardName = LaunchScreen;
				INFOPLIST_KEY_UIMainStoryboardFile = Main;
				INFOPLIST_KEY_UISupportedInterfaceOrientations_iPad = "UIInterfaceOrientationPortrait UIInterfaceOrientationPortraitUpsideDown UIInterfaceOrientationLandscapeLeft UIInterfaceOrientationLandscapeRight";
				INFOPLIST_KEY_UISupportedInterfaceOrientations_iPhone = "UIInterfaceOrientationPortrait UIInterfaceOrientationLandscapeLeft UIInterfaceOrientationLandscapeRight";
				LD_RUNPATH_SEARCH_PATHS = (
					"$(inherited)",
					"@executable_path/Frameworks",
				);
				MARKETING_VERSION = 1.0;
				PRODUCT_BUNDLE_IDENTIFIER = com.hongwang.SearchRepoDemo;
				PRODUCT_NAME = "$(TARGET_NAME)";
				SWIFT_EMIT_LOC_STRINGS = YES;
				SWIFT_VERSION = 5.0;
				TARGETED_DEVICE_FAMILY = "1,2";
			};
			name = Debug;
		};
		3E59C2CF27AE41CA003FA72C /* Release */ = {
			isa = XCBuildConfiguration;
			baseConfigurationReference = 9E5BD0376C3A12826CF193CD /* Pods-SearchRepoDemo.release.xcconfig */;
			buildSettings = {
				ASSETCATALOG_COMPILER_APPICON_NAME = AppIcon;
				ASSETCATALOG_COMPILER_GLOBAL_ACCENT_COLOR_NAME = AccentColor;
				CODE_SIGN_STYLE = Automatic;
				CURRENT_PROJECT_VERSION = 1;
				DEVELOPMENT_TEAM = U5A65PSL5B;
				GENERATE_INFOPLIST_FILE = YES;
				INFOPLIST_FILE = SearchRepoDemo/Info.plist;
				INFOPLIST_KEY_UIApplicationSupportsIndirectInputEvents = YES;
				INFOPLIST_KEY_UILaunchStoryboardName = LaunchScreen;
				INFOPLIST_KEY_UIMainStoryboardFile = Main;
				INFOPLIST_KEY_UISupportedInterfaceOrientations_iPad = "UIInterfaceOrientationPortrait UIInterfaceOrientationPortraitUpsideDown UIInterfaceOrientationLandscapeLeft UIInterfaceOrientationLandscapeRight";
				INFOPLIST_KEY_UISupportedInterfaceOrientations_iPhone = "UIInterfaceOrientationPortrait UIInterfaceOrientationLandscapeLeft UIInterfaceOrientationLandscapeRight";
				LD_RUNPATH_SEARCH_PATHS = (
					"$(inherited)",
					"@executable_path/Frameworks",
				);
				MARKETING_VERSION = 1.0;
				PRODUCT_BUNDLE_IDENTIFIER = com.hongwang.SearchRepoDemo;
				PRODUCT_NAME = "$(TARGET_NAME)";
				SWIFT_EMIT_LOC_STRINGS = YES;
				SWIFT_VERSION = 5.0;
				TARGETED_DEVICE_FAMILY = "1,2";
			};
			name = Release;
		};
		3EEE1CAA27AE65320034B7A5 /* Debug */ = {
			isa = XCBuildConfiguration;
			buildSettings = {
				BUNDLE_LOADER = "$(TEST_HOST)";
				CLANG_ENABLE_MODULES = YES;
				CODE_SIGN_STYLE = Automatic;
				CURRENT_PROJECT_VERSION = 1;
				DEVELOPMENT_TEAM = U5A65PSL5B;
				GENERATE_INFOPLIST_FILE = YES;
				IPHONEOS_DEPLOYMENT_TARGET = 15.2;
				LD_RUNPATH_SEARCH_PATHS = (
					"$(inherited)",
					"@executable_path/Frameworks",
					"@loader_path/Frameworks",
				);
				MARKETING_VERSION = 1.0;
				PRODUCT_BUNDLE_IDENTIFIER = com.hongwang.SearchRepoDemoTests;
				PRODUCT_NAME = "$(TARGET_NAME)";
				SWIFT_EMIT_LOC_STRINGS = NO;
				SWIFT_OPTIMIZATION_LEVEL = "-Onone";
				SWIFT_VERSION = 5.0;
				TARGETED_DEVICE_FAMILY = "1,2";
				TEST_HOST = "$(BUILT_PRODUCTS_DIR)/SearchRepoDemo.app/SearchRepoDemo";
			};
			name = Debug;
		};
		3EEE1CAB27AE65320034B7A5 /* Release */ = {
			isa = XCBuildConfiguration;
			buildSettings = {
				BUNDLE_LOADER = "$(TEST_HOST)";
				CLANG_ENABLE_MODULES = YES;
				CODE_SIGN_STYLE = Automatic;
				CURRENT_PROJECT_VERSION = 1;
				DEVELOPMENT_TEAM = U5A65PSL5B;
				GENERATE_INFOPLIST_FILE = YES;
				IPHONEOS_DEPLOYMENT_TARGET = 15.2;
				LD_RUNPATH_SEARCH_PATHS = (
					"$(inherited)",
					"@executable_path/Frameworks",
					"@loader_path/Frameworks",
				);
				MARKETING_VERSION = 1.0;
				PRODUCT_BUNDLE_IDENTIFIER = com.hongwang.SearchRepoDemoTests;
				PRODUCT_NAME = "$(TARGET_NAME)";
				SWIFT_EMIT_LOC_STRINGS = NO;
				SWIFT_VERSION = 5.0;
				TARGETED_DEVICE_FAMILY = "1,2";
				TEST_HOST = "$(BUILT_PRODUCTS_DIR)/SearchRepoDemo.app/SearchRepoDemo";
			};
			name = Release;
		};
/* End XCBuildConfiguration section */

/* Begin XCConfigurationList section */
		3E59C2B427AE41C8003FA72C /* Build configuration list for PBXProject "SearchRepoDemo" */ = {
			isa = XCConfigurationList;
			buildConfigurations = (
				3E59C2CB27AE41CA003FA72C /* Debug */,
				3E59C2CC27AE41CA003FA72C /* Release */,
			);
			defaultConfigurationIsVisible = 0;
			defaultConfigurationName = Release;
		};
		3E59C2CD27AE41CA003FA72C /* Build configuration list for PBXNativeTarget "SearchRepoDemo" */ = {
			isa = XCConfigurationList;
			buildConfigurations = (
				3E59C2CE27AE41CA003FA72C /* Debug */,
				3E59C2CF27AE41CA003FA72C /* Release */,
			);
			defaultConfigurationIsVisible = 0;
			defaultConfigurationName = Release;
		};
		3EEE1CA927AE65320034B7A5 /* Build configuration list for PBXNativeTarget "SearchRepoDemoTests" */ = {
			isa = XCConfigurationList;
			buildConfigurations = (
				3EEE1CAA27AE65320034B7A5 /* Debug */,
				3EEE1CAB27AE65320034B7A5 /* Release */,
			);
			defaultConfigurationIsVisible = 0;
			defaultConfigurationName = Release;
		};
/* End XCConfigurationList section */
	};
	rootObject = 3E59C2B127AE41C8003FA72C /* Project object */;
}
